// !$*UTF8*$!
{
	archiveVersion = 1;
	classes = {
	};
	objectVersion = 46;
	objects = {

/* Begin PBXBuildFile section */
		CB93E2431C59DB8900872DF4 /* main.m in Sources */ = {isa = PBXBuildFile; fileRef = CB93E2421C59DB8900872DF4 /* main.m */; };
		CB93E2461C59DB8900872DF4 /* AppDelegate.m in Sources */ = {isa = PBXBuildFile; fileRef = CB93E2451C59DB8900872DF4 /* AppDelegate.m */; };
		CB93E2491C59DB8900872DF4 /* ViewController.m in Sources */ = {isa = PBXBuildFile; fileRef = CB93E2481C59DB8900872DF4 /* ViewController.m */; };
		CB93E24C1C59DB8900872DF4 /* Main.storyboard in Resources */ = {isa = PBXBuildFile; fileRef = CB93E24A1C59DB8900872DF4 /* Main.storyboard */; };
		CB93E24E1C59DB8900872DF4 /* Assets.xcassets in Resources */ = {isa = PBXBuildFile; fileRef = CB93E24D1C59DB8900872DF4 /* Assets.xcassets */; };
		CB93E2511C59DB8900872DF4 /* LaunchScreen.storyboard in Resources */ = {isa = PBXBuildFile; fileRef = CB93E24F1C59DB8900872DF4 /* LaunchScreen.storyboard */; };
/* End PBXBuildFile section */

/* Begin PBXFileReference section */
		CB93E23E1C59DB8900872DF4 /* OpenGLCam.app */ = {isa = PBXFileReference; explicitFileType = wrapper.application; includeInIndex = 0; path = OpenGLCam.app; sourceTree = BUILT_PRODUCTS_DIR; };
		CB93E2421C59DB8900872DF4 /* main.m */ = {isa = PBXFileReference; lastKnownFileType = sourcecode.c.objc; path = main.m; sourceTree = "<group>"; };
		CB93E2441C59DB8900872DF4 /* AppDelegate.h */ = {isa = PBXFileReference; lastKnownFileType = sourcecode.c.h; path = AppDelegate.h; sourceTree = "<group>"; };
		CB93E2451C59DB8900872DF4 /* AppDelegate.m */ = {isa = PBXFileReference; lastKnownFileType = sourcecode.c.objc; path = AppDelegate.m; sourceTree = "<group>"; };
		CB93E2471C59DB8900872DF4 /* ViewController.h */ = {isa = PBXFileReference; lastKnownFileType = sourcecode.c.h; path = ViewController.h; sourceTree = "<group>"; };
		CB93E2481C59DB8900872DF4 /* ViewController.m */ = {isa = PBXFileReference; lastKnownFileType = sourcecode.c.objc; path = ViewController.m; sourceTree = "<group>"; };
		CB93E24B1C59DB8900872DF4 /* Base */ = {isa = PBXFileReference; lastKnownFileType = file.storyboard; name = Base; path = Base.lproj/Main.storyboard; sourceTree = "<group>"; };
		CB93E24D1C59DB8900872DF4 /* Assets.xcassets */ = {isa = PBXFileReference; lastKnownFileType = folder.assetcatalog; path = Assets.xcassets; sourceTree = "<group>"; };
		CB93E2501C59DB8900872DF4 /* Base */ = {isa = PBXFileReference; lastKnownFileType = file.storyboard; name = Base; path = Base.lproj/LaunchScreen.storyboard; sourceTree = "<group>"; };
		CB93E2521C59DB8900872DF4 /* Info.plist */ = {isa = PBXFileReference; lastKnownFileType = text.plist.xml; path = Info.plist; sourceTree = "<group>"; };
/* End PBXFileReference section */

/* Begin PBXFrameworksBuildPhase section */
		CB93E23B1C59DB8900872DF4 /* Frameworks */ = {
			isa = PBXFrameworksBuildPhase;
			buildActionMask = 2147483647;
			files = (
			);
			runOnlyForDeploymentPostprocessing = 0;
		};
/* End PBXFrameworksBuildPhase section */

/* Begin PBXGroup section */
		CB93E2351C59DB8900872DF4 = {
			isa = PBXGroup;
			children = (
				CB93E2401C59DB8900872DF4 /* OpenGLCam */,
				CB93E23F1C59DB8900872DF4 /* Products */,
			);
			sourceTree = "<group>";
		};
		CB93E23F1C59DB8900872DF4 /* Products */ = {
			isa = PBXGroup;
			children = (
				CB93E23E1C59DB8900872DF4 /* OpenGLCam.app */,
			);
			name = Products;
			sourceTree = "<group>";
		};
		CB93E2401C59DB8900872DF4 /* OpenGLCam */ = {
			isa = PBXGroup;
			children = (
				CB93E2441C59DB8900872DF4 /* AppDelegate.h */,
				CB93E2451C59DB8900872DF4 /* AppDelegate.m */,
				CB93E2471C59DB8900872DF4 /* ViewController.h */,
				CB93E2481C59DB8900872DF4 /* ViewController.m */,
				CB93E24A1C59DB8900872DF4 /* Main.storyboard */,
				CB93E24D1C59DB8900872DF4 /* Assets.xcassets */,
				CB93E24F1C59DB8900872DF4 /* LaunchScreen.storyboard */,
				CB93E2521C59DB8900872DF4 /* Info.plist */,
				CB93E2411C59DB8900872DF4 /* Supporting Files */,
			);
			path = OpenGLCam;
			sourceTree = "<group>";
		};
		CB93E2411C59DB8900872DF4 /* Supporting Files */ = {
			isa = PBXGroup;
			children = (
				CB93E2421C59DB8900872DF4 /* main.m */,
			);
			name = "Supporting Files";
			sourceTree = "<group>";
		};
/* End PBXGroup section */

/* Begin PBXNativeTarget section */
		CB93E23D1C59DB8900872DF4 /* OpenGLCam */ = {
			isa = PBXNativeTarget;
			buildConfigurationList = CB93E2551C59DB8900872DF4 /* Build configuration list for PBXNativeTarget "OpenGLCam" */;
			buildPhases = (
				CB93E23A1C59DB8900872DF4 /* Sources */,
				CB93E23B1C59DB8900872DF4 /* Frameworks */,
				CB93E23C1C59DB8900872DF4 /* Resources */,
			);
			buildRules = (
			);
			dependencies = (
			);
			name = OpenGLCam;
			productName = OpenGLCam;
			productReference = CB93E23E1C59DB8900872DF4 /* OpenGLCam.app */;
			productType = "com.apple.product-type.application";
		};
/* End PBXNativeTarget section */

/* Begin PBXProject section */
		CB93E2361C59DB8900872DF4 /* Project object */ = {
			isa = PBXProject;
			attributes = {
				LastUpgradeCheck = 0720;
				ORGANIZATIONNAME = Yourtion;
				TargetAttributes = {
					CB93E23D1C59DB8900872DF4 = {
						CreatedOnToolsVersion = 7.2;
					};
				};
			};
			buildConfigurationList = CB93E2391C59DB8900872DF4 /* Build configuration list for PBXProject "OpenGLCam" */;
			compatibilityVersion = "Xcode 3.2";
			developmentRegion = English;
			hasScannedForEncodings = 0;
			knownRegions = (
				en,
				Base,
			);
			mainGroup = CB93E2351C59DB8900872DF4;
			productRefGroup = CB93E23F1C59DB8900872DF4 /* Products */;
			projectDirPath = "";
			projectRoot = "";
			targets = (
				CB93E23D1C59DB8900872DF4 /* OpenGLCam */,
			);
		};
/* End PBXProject section */

/* Begin PBXResourcesBuildPhase section */
		CB93E23C1C59DB8900872DF4 /* Resources */ = {
			isa = PBXResourcesBuildPhase;
			buildActionMask = 2147483647;
			files = (
				CB93E2511C59DB8900872DF4 /* LaunchScreen.storyboard in Resources */,
				CB93E24E1C59DB8900872DF4 /* Assets.xcassets in Resources */,
				CB93E24C1C59DB8900872DF4 /* Main.storyboard in Resources */,
			);
			runOnlyForDeploymentPostprocessing = 0;
		};
/* End PBXResourcesBuildPhase section */

/* Begin PBXSourcesBuildPhase section */
		CB93E23A1C59DB8900872DF4 /* Sources */ = {
			isa = PBXSourcesBuildPhase;
			buildActionMask = 2147483647;
			files = (
				CB93E2491C59DB8900872DF4 /* ViewController.m in Sources */,
				CB93E2461C59DB8900872DF4 /* AppDelegate.m in Sources */,
				CB93E2431C59DB8900872DF4 /* main.m in Sources */,
			);
			runOnlyForDeploymentPostprocessing = 0;
		};
/* End PBXSourcesBuildPhase section */

/* Begin PBXVariantGroup section */
		CB93E24A1C59DB8900872DF4 /* Main.storyboard */ = {
			isa = PBXVariantGroup;
			children = (
				CB93E24B1C59DB8900872DF4 /* Base */,
			);
			name = Main.storyboard;
			sourceTree = "<group>";
		};
		CB93E24F1C59DB8900872DF4 /* LaunchScreen.storyboard */ = {
			isa = PBXVariantGroup;
			children = (
				CB93E2501C59DB8900872DF4 /* Base */,
			);
			name = LaunchScreen.storyboard;
			sourceTree = "<group>";
		};
/* End PBXVariantGroup section */

/* Begin XCBuildConfiguration section */
		CB93E2531C59DB8900872DF4 /* Debug */ = {
			isa = XCBuildConfiguration;
			buildSettings = {
				ALWAYS_SEARCH_USER_PATHS = NO;
				CLANG_CXX_LANGUAGE_STANDARD = "gnu++0x";
				CLANG_CXX_LIBRARY = "libc++";
				CLANG_ENABLE_MODULES = YES;
				CLANG_ENABLE_OBJC_ARC = YES;
				CLANG_WARN_BOOL_CONVERSION = YES;
				CLANG_WARN_CONSTANT_CONVERSION = YES;
				CLANG_WARN_DIRECT_OBJC_ISA_USAGE = YES_ERROR;
				CLANG_WARN_EMPTY_BODY = YES;
				CLANG_WARN_ENUM_CONVERSION = YES;
				CLANG_WARN_INT_CONVERSION = YES;
				CLANG_WARN_OBJC_ROOT_CLASS = YES_ERROR;
				CLANG_WARN_UNREACHABLE_CODE = YES;
				CLANG_WARN__DUPLICATE_METHOD_MATCH = YES;
				"CODE_SIGN_IDENTITY[sdk=iphoneos*]" = "iPhone Developer";
				COPY_PHASE_STRIP = NO;
				DEBUG_INFORMATION_FORMAT = dwarf;
				ENABLE_STRICT_OBJC_MSGSEND = YES;
				ENABLE_TESTABILITY = YES;
				GCC_C_LANGUAGE_STANDARD = gnu99;
				GCC_DYNAMIC_NO_PIC = NO;
				GCC_NO_COMMON_BLOCKS = YES;
				GCC_OPTIMIZATION_LEVEL = 0;
				GCC_PREPROCESSOR_DEFINITIONS = (
					"DEBUG=1",
					"$(inherited)",
				);
				GCC_WARN_64_TO_32_BIT_CONVERSION = YES;
				GCC_WARN_ABOUT_RETURN_TYPE = YES_ERROR;
				GCC_WARN_UNDECLARED_SELECTOR = YES;
				GCC_WARN_UNINITIALIZED_AUTOS = YES_AGGRESSIVE;
				GCC_WARN_UNUSED_FUNCTION = YES;
				GCC_WARN_UNUSED_VARIABLE = YES;
				IPHONEOS_DEPLOYMENT_TARGET = 9.2;
				MTL_ENABLE_DEBUG_INFO = YES;
				ONLY_ACTIVE_ARCH = YES;
				SDKROOT = iphoneos;
			};
			name = Debug;
		};
		CB93E2541C59DB8900872DF4 /* Release */ = {
			isa = XCBuildConfiguration;
			buildSettings = {
				ALWAYS_SEARCH_USER_PATHS = NO;
				CLANG_CXX_LANGUAGE_STANDARD = "gnu++0x";
				CLANG_CXX_LIBRARY = "libc++";
				CLANG_ENABLE_MODULES = YES;
				CLANG_ENABLE_OBJC_ARC = YES;
				CLANG_WARN_BOOL_CONVERSION = YES;
				CLANG_WARN_CONSTANT_CONVERSION = YES;
				CLANG_WARN_DIRECT_OBJC_ISA_USAGE = YES_ERROR;
				CLANG_WARN_EMPTY_BODY = YES;
				CLANG_WARN_ENUM_CONVERSION = YES;
				CLANG_WARN_INT_CONVERSION = YES;
				CLANG_WARN_OBJC_ROOT_CLASS = YES_ERROR;
				CLANG_WARN_UNREACHABLE_CODE = YES;
				CLANG_WARN__DUPLICATE_METHOD_MATCH = YES;
				"CODE_SIGN_IDENTITY[sdk=iphoneos*]" = "iPhone Developer";
				COPY_PHASE_STRIP = NO;
				DEBUG_INFORMATION_FORMAT = "dwarf-with-dsym";
				ENABLE_NS_ASSERTIONS = NO;
				ENABLE_STRICT_OBJC_MSGSEND = YES;
				GCC_C_LANGUAGE_STANDARD = gnu99;
				GCC_NO_COMMON_BLOCKS = YES;
				GCC_WARN_64_TO_32_BIT_CONVERSION = YES;
				GCC_WARN_ABOUT_RETURN_TYPE = YES_ERROR;
				GCC_WARN_UNDECLARED_SELECTOR = YES;
				GCC_WARN_UNINITIALIZED_AUTOS = YES_AGGRESSIVE;
				GCC_WARN_UNUSED_FUNCTION = YES;
				GCC_WARN_UNUSED_VARIABLE = YES;
				IPHONEOS_DEPLOYMENT_TARGET = 9.2;
				MTL_ENABLE_DEBUG_INFO = NO;
				SDKROOT = iphoneos;
				VALIDATE_PRODUCT = YES;
			};
			name = Release;
		};
		CB93E2561C59DB8900872DF4 /* Debug */ = {
			isa = XCBuildConfiguration;
			buildSettings = {
				ASSETCATALOG_COMPILER_APPICON_NAME = AppIcon;
				INFOPLIST_FILE = OpenGLCam/Info.plist;
				LD_RUNPATH_SEARCH_PATHS = "$(inherited) @executable_path/Frameworks";
				PRODUCT_BUNDLE_IDENTIFIER = com.yourtion.OpenGLCam;
				PRODUCT_NAME = "$(TARGET_NAME)";
			};
			name = Debug;
		};
		CB93E2571C59DB8900872DF4 /* Release */ = {
			isa = XCBuildConfiguration;
			buildSettings = {
				ASSETCATALOG_COMPILER_APPICON_NAME = AppIcon;
				INFOPLIST_FILE = OpenGLCam/Info.plist;
				LD_RUNPATH_SEARCH_PATHS = "$(inherited) @executable_path/Frameworks";
				PRODUCT_BUNDLE_IDENTIFIER = com.yourtion.OpenGLCam;
				PRODUCT_NAME = "$(TARGET_NAME)";
			};
			name = Release;
		};
/* End XCBuildConfiguration section */

/* Begin XCConfigurationList section */
		CB93E2391C59DB8900872DF4 /* Build configuration list for PBXProject "OpenGLCam" */ = {
			isa = XCConfigurationList;
			buildConfigurations = (
				CB93E2531C59DB8900872DF4 /* Debug */,
				CB93E2541C59DB8900872DF4 /* Release */,
			);
			defaultConfigurationIsVisible = 0;
			defaultConfigurationName = Release;
		};
		CB93E2551C59DB8900872DF4 /* Build configuration list for PBXNativeTarget "OpenGLCam" */ = {
			isa = XCConfigurationList;
			buildConfigurations = (
				CB93E2561C59DB8900872DF4 /* Debug */,
				CB93E2571C59DB8900872DF4 /* Release */,
			);
			defaultConfigurationIsVisible = 0;
		};
/* End XCConfigurationList section */
	};
	rootObject = CB93E2361C59DB8900872DF4 /* Project object */;
}
